// !$*UTF8*$!
{
	archiveVersion = 1;
	classes = {
	};
	objectVersion = 48;
	objects = {

/* Begin PBXBuildFile section */
		30F96F6620651CA900BD5278 /* AppDelegate.swift in Sources */ = {isa = PBXBuildFile; fileRef = 30F96F6520651CA900BD5278 /* AppDelegate.swift */; };
		30F96F6820651CA900BD5278 /* ViewController.swift in Sources */ = {isa = PBXBuildFile; fileRef = 30F96F6720651CA900BD5278 /* ViewController.swift */; };
		30F96F6B20651CA900BD5278 /* Main.storyboard in Resources */ = {isa = PBXBuildFile; fileRef = 30F96F6920651CA900BD5278 /* Main.storyboard */; };
		30F96F6D20651CA900BD5278 /* Assets.xcassets in Resources */ = {isa = PBXBuildFile; fileRef = 30F96F6C20651CA900BD5278 /* Assets.xcassets */; };
		30F96F7020651CA900BD5278 /* LaunchScreen.storyboard in Resources */ = {isa = PBXBuildFile; fileRef = 30F96F6E20651CA900BD5278 /* LaunchScreen.storyboard */; };
		30F96F7B20651CAA00BD5278 /* AnimationDemoTests.swift in Sources */ = {isa = PBXBuildFile; fileRef = 30F96F7A20651CAA00BD5278 /* AnimationDemoTests.swift */; };
		30F96F8620651CAA00BD5278 /* AnimationDemoUITests.swift in Sources */ = {isa = PBXBuildFile; fileRef = 30F96F8520651CAA00BD5278 /* AnimationDemoUITests.swift */; };
/* End PBXBuildFile section */

/* Begin PBXContainerItemProxy section */
		30F96F7720651CAA00BD5278 /* PBXContainerItemProxy */ = {
			isa = PBXContainerItemProxy;
			containerPortal = 30F96F5A20651CA900BD5278 /* Project object */;
			proxyType = 1;
			remoteGlobalIDString = 30F96F6120651CA900BD5278;
			remoteInfo = AnimationDemo;
		};
		30F96F8220651CAA00BD5278 /* PBXContainerItemProxy */ = {
			isa = PBXContainerItemProxy;
			containerPortal = 30F96F5A20651CA900BD5278 /* Project object */;
			proxyType = 1;
			remoteGlobalIDString = 30F96F6120651CA900BD5278;
			remoteInfo = AnimationDemo;
		};
/* End PBXContainerItemProxy section */

/* Begin PBXFileReference section */
		30F96F6220651CA900BD5278 /* AnimationDemo.app */ = {isa = PBXFileReference; explicitFileType = wrapper.application; includeInIndex = 0; path = AnimationDemo.app; sourceTree = BUILT_PRODUCTS_DIR; };
		30F96F6520651CA900BD5278 /* AppDelegate.swift */ = {isa = PBXFileReference; lastKnownFileType = sourcecode.swift; path = AppDelegate.swift; sourceTree = "<group>"; };
		30F96F6720651CA900BD5278 /* ViewController.swift */ = {isa = PBXFileReference; lastKnownFileType = sourcecode.swift; path = ViewController.swift; sourceTree = "<group>"; };
		30F96F6A20651CA900BD5278 /* Base */ = {isa = PBXFileReference; lastKnownFileType = file.storyboard; name = Base; path = Base.lproj/Main.storyboard; sourceTree = "<group>"; };
		30F96F6C20651CA900BD5278 /* Assets.xcassets */ = {isa = PBXFileReference; lastKnownFileType = folder.assetcatalog; path = Assets.xcassets; sourceTree = "<group>"; };
		30F96F6F20651CA900BD5278 /* Base */ = {isa = PBXFileReference; lastKnownFileType = file.storyboard; name = Base; path = Base.lproj/LaunchScreen.storyboard; sourceTree = "<group>"; };
		30F96F7120651CA900BD5278 /* Info.plist */ = {isa = PBXFileReference; lastKnownFileType = text.plist.xml; path = Info.plist; sourceTree = "<group>"; };
		30F96F7620651CAA00BD5278 /* AnimationDemoTests.xctest */ = {isa = PBXFileReference; explicitFileType = wrapper.cfbundle; includeInIndex = 0; path = AnimationDemoTests.xctest; sourceTree = BUILT_PRODUCTS_DIR; };
		30F96F7A20651CAA00BD5278 /* AnimationDemoTests.swift */ = {isa = PBXFileReference; lastKnownFileType = sourcecode.swift; path = AnimationDemoTests.swift; sourceTree = "<group>"; };
		30F96F7C20651CAA00BD5278 /* Info.plist */ = {isa = PBXFileReference; lastKnownFileType = text.plist.xml; path = Info.plist; sourceTree = "<group>"; };
		30F96F8120651CAA00BD5278 /* AnimationDemoUITests.xctest */ = {isa = PBXFileReference; explicitFileType = wrapper.cfbundle; includeInIndex = 0; path = AnimationDemoUITests.xctest; sourceTree = BUILT_PRODUCTS_DIR; };
		30F96F8520651CAA00BD5278 /* AnimationDemoUITests.swift */ = {isa = PBXFileReference; lastKnownFileType = sourcecode.swift; path = AnimationDemoUITests.swift; sourceTree = "<group>"; };
		30F96F8720651CAA00BD5278 /* Info.plist */ = {isa = PBXFileReference; lastKnownFileType = text.plist.xml; path = Info.plist; sourceTree = "<group>"; };
/* End PBXFileReference section */

/* Begin PBXFrameworksBuildPhase section */
		30F96F5F20651CA900BD5278 /* Frameworks */ = {
			isa = PBXFrameworksBuildPhase;
			buildActionMask = 2147483647;
			files = (
			);
			runOnlyForDeploymentPostprocessing = 0;
		};
		30F96F7320651CAA00BD5278 /* Frameworks */ = {
			isa = PBXFrameworksBuildPhase;
			buildActionMask = 2147483647;
			files = (
			);
			runOnlyForDeploymentPostprocessing = 0;
		};
		30F96F7E20651CAA00BD5278 /* Frameworks */ = {
			isa = PBXFrameworksBuildPhase;
			buildActionMask = 2147483647;
			files = (
			);
			runOnlyForDeploymentPostprocessing = 0;
		};
/* End PBXFrameworksBuildPhase section */

/* Begin PBXGroup section */
		30F96F5920651CA900BD5278 = {
			isa = PBXGroup;
			children = (
				30F96F6420651CA900BD5278 /* AnimationDemo */,
				30F96F7920651CAA00BD5278 /* AnimationDemoTests */,
				30F96F8420651CAA00BD5278 /* AnimationDemoUITests */,
				30F96F6320651CA900BD5278 /* Products */,
			);
			sourceTree = "<group>";
		};
		30F96F6320651CA900BD5278 /* Products */ = {
			isa = PBXGroup;
			children = (
				30F96F6220651CA900BD5278 /* AnimationDemo.app */,
				30F96F7620651CAA00BD5278 /* AnimationDemoTests.xctest */,
				30F96F8120651CAA00BD5278 /* AnimationDemoUITests.xctest */,
			);
			name = Products;
			sourceTree = "<group>";
		};
		30F96F6420651CA900BD5278 /* AnimationDemo */ = {
			isa = PBXGroup;
			children = (
				30F96F6520651CA900BD5278 /* AppDelegate.swift */,
				30F96F6720651CA900BD5278 /* ViewController.swift */,
				30F96F6920651CA900BD5278 /* Main.storyboard */,
				30F96F6C20651CA900BD5278 /* Assets.xcassets */,
				30F96F6E20651CA900BD5278 /* LaunchScreen.storyboard */,
				30F96F7120651CA900BD5278 /* Info.plist */,
			);
			path = AnimationDemo;
			sourceTree = "<group>";
		};
		30F96F7920651CAA00BD5278 /* AnimationDemoTests */ = {
			isa = PBXGroup;
			children = (
				30F96F7A20651CAA00BD5278 /* AnimationDemoTests.swift */,
				30F96F7C20651CAA00BD5278 /* Info.plist */,
			);
			path = AnimationDemoTests;
			sourceTree = "<group>";
		};
		30F96F8420651CAA00BD5278 /* AnimationDemoUITests */ = {
			isa = PBXGroup;
			children = (
				30F96F8520651CAA00BD5278 /* AnimationDemoUITests.swift */,
				30F96F8720651CAA00BD5278 /* Info.plist */,
			);
			path = AnimationDemoUITests;
			sourceTree = "<group>";
		};
/* End PBXGroup section */

/* Begin PBXNativeTarget section */
		30F96F6120651CA900BD5278 /* AnimationDemo */ = {
			isa = PBXNativeTarget;
			buildConfigurationList = 30F96F8A20651CAA00BD5278 /* Build configuration list for PBXNativeTarget "AnimationDemo" */;
			buildPhases = (
				30F96F5E20651CA900BD5278 /* Sources */,
				30F96F5F20651CA900BD5278 /* Frameworks */,
				30F96F6020651CA900BD5278 /* Resources */,
			);
			buildRules = (
			);
			dependencies = (
			);
			name = AnimationDemo;
			productName = AnimationDemo;
			productReference = 30F96F6220651CA900BD5278 /* AnimationDemo.app */;
			productType = "com.apple.product-type.application";
		};
		30F96F7520651CAA00BD5278 /* AnimationDemoTests */ = {
			isa = PBXNativeTarget;
			buildConfigurationList = 30F96F8D20651CAA00BD5278 /* Build configuration list for PBXNativeTarget "AnimationDemoTests" */;
			buildPhases = (
				30F96F7220651CAA00BD5278 /* Sources */,
				30F96F7320651CAA00BD5278 /* Frameworks */,
				30F96F7420651CAA00BD5278 /* Resources */,
			);
			buildRules = (
			);
			dependencies = (
				30F96F7820651CAA00BD5278 /* PBXTargetDependency */,
			);
			name = AnimationDemoTests;
			productName = AnimationDemoTests;
			productReference = 30F96F7620651CAA00BD5278 /* AnimationDemoTests.xctest */;
			productType = "com.apple.product-type.bundle.unit-test";
		};
		30F96F8020651CAA00BD5278 /* AnimationDemoUITests */ = {
			isa = PBXNativeTarget;
			buildConfigurationList = 30F96F9020651CAA00BD5278 /* Build configuration list for PBXNativeTarget "AnimationDemoUITests" */;
			buildPhases = (
				30F96F7D20651CAA00BD5278 /* Sources */,
				30F96F7E20651CAA00BD5278 /* Frameworks */,
				30F96F7F20651CAA00BD5278 /* Resources */,
			);
			buildRules = (
			);
			dependencies = (
				30F96F8320651CAA00BD5278 /* PBXTargetDependency */,
			);
			name = AnimationDemoUITests;
			productName = AnimationDemoUITests;
			productReference = 30F96F8120651CAA00BD5278 /* AnimationDemoUITests.xctest */;
			productType = "com.apple.product-type.bundle.ui-testing";
		};
/* End PBXNativeTarget section */

/* Begin PBXProject section */
		30F96F5A20651CA900BD5278 /* Project object */ = {
			isa = PBXProject;
			attributes = {
				LastSwiftUpdateCheck = 0920;
				LastUpgradeCheck = 0920;
				TargetAttributes = {
					30F96F6120651CA900BD5278 = {
						CreatedOnToolsVersion = 9.2;
						ProvisioningStyle = Automatic;
					};
					30F96F7520651CAA00BD5278 = {
						CreatedOnToolsVersion = 9.2;
						ProvisioningStyle = Automatic;
						TestTargetID = 30F96F6120651CA900BD5278;
					};
					30F96F8020651CAA00BD5278 = {
						CreatedOnToolsVersion = 9.2;
						ProvisioningStyle = Automatic;
						TestTargetID = 30F96F6120651CA900BD5278;
					};
				};
			};
			buildConfigurationList = 30F96F5D20651CA900BD5278 /* Build configuration list for PBXProject "AnimationDemo" */;
			compatibilityVersion = "Xcode 8.0";
			developmentRegion = en;
			hasScannedForEncodings = 0;
			knownRegions = (
				en,
				Base,
			);
			mainGroup = 30F96F5920651CA900BD5278;
			productRefGroup = 30F96F6320651CA900BD5278 /* Products */;
			projectDirPath = "";
			projectRoot = "";
			targets = (
				30F96F6120651CA900BD5278 /* AnimationDemo */,
				30F96F7520651CAA00BD5278 /* AnimationDemoTests */,
				30F96F8020651CAA00BD5278 /* AnimationDemoUITests */,
			);
		};
/* End PBXProject section */

/* Begin PBXResourcesBuildPhase section */
		30F96F6020651CA900BD5278 /* Resources */ = {
			isa = PBXResourcesBuildPhase;
			buildActionMask = 2147483647;
			files = (
				30F96F7020651CA900BD5278 /* LaunchScreen.storyboard in Resources */,
				30F96F6D20651CA900BD5278 /* Assets.xcassets in Resources */,
				30F96F6B20651CA900BD5278 /* Main.storyboard in Resources */,
			);
			runOnlyForDeploymentPostprocessing = 0;
		};
		30F96F7420651CAA00BD5278 /* Resources */ = {
			isa = PBXResourcesBuildPhase;
			buildActionMask = 2147483647;
			files = (
			);
			runOnlyForDeploymentPostprocessing = 0;
		};
		30F96F7F20651CAA00BD5278 /* Resources */ = {
			isa = PBXResourcesBuildPhase;
			buildActionMask = 2147483647;
			files = (
			);
			runOnlyForDeploymentPostprocessing = 0;
		};
/* End PBXResourcesBuildPhase section */

/* Begin PBXSourcesBuildPhase section */
		30F96F5E20651CA900BD5278 /* Sources */ = {
			isa = PBXSourcesBuildPhase;
			buildActionMask = 2147483647;
			files = (
				30F96F6820651CA900BD5278 /* ViewController.swift in Sources */,
				30F96F6620651CA900BD5278 /* AppDelegate.swift in Sources */,
			);
			runOnlyForDeploymentPostprocessing = 0;
		};
		30F96F7220651CAA00BD5278 /* Sources */ = {
			isa = PBXSourcesBuildPhase;
			buildActionMask = 2147483647;
			files = (
				30F96F7B20651CAA00BD5278 /* AnimationDemoTests.swift in Sources */,
			);
			runOnlyForDeploymentPostprocessing = 0;
		};
		30F96F7D20651CAA00BD5278 /* Sources */ = {
			isa = PBXSourcesBuildPhase;
			buildActionMask = 2147483647;
			files = (
				30F96F8620651CAA00BD5278 /* AnimationDemoUITests.swift in Sources */,
			);
			runOnlyForDeploymentPostprocessing = 0;
		};
/* End PBXSourcesBuildPhase section */

/* Begin PBXTargetDependency section */
		30F96F7820651CAA00BD5278 /* PBXTargetDependency */ = {
			isa = PBXTargetDependency;
			target = 30F96F6120651CA900BD5278 /* AnimationDemo */;
			targetProxy = 30F96F7720651CAA00BD5278 /* PBXContainerItemProxy */;
		};
		30F96F8320651CAA00BD5278 /* PBXTargetDependency */ = {
			isa = PBXTargetDependency;
			target = 30F96F6120651CA900BD5278 /* AnimationDemo */;
			targetProxy = 30F96F8220651CAA00BD5278 /* PBXContainerItemProxy */;
		};
/* End PBXTargetDependency section */

/* Begin PBXVariantGroup section */
		30F96F6920651CA900BD5278 /* Main.storyboard */ = {
			isa = PBXVariantGroup;
			children = (
				30F96F6A20651CA900BD5278 /* Base */,
			);
			name = Main.storyboard;
			sourceTree = "<group>";
		};
		30F96F6E20651CA900BD5278 /* LaunchScreen.storyboard */ = {
			isa = PBXVariantGroup;
			children = (
				30F96F6F20651CA900BD5278 /* Base */,
			);
			name = LaunchScreen.storyboard;
			sourceTree = "<group>";
		};
/* End PBXVariantGroup section */

/* Begin XCBuildConfiguration section */
		30F96F8820651CAA00BD5278 /* Debug */ = {
			isa = XCBuildConfiguration;
			buildSettings = {
				ALWAYS_SEARCH_USER_PATHS = NO;
				CLANG_ANALYZER_NONNULL = YES;
				CLANG_ANALYZER_NUMBER_OBJECT_CONVERSION = YES_AGGRESSIVE;
				CLANG_CXX_LANGUAGE_STANDARD = "gnu++14";
				CLANG_CXX_LIBRARY = "libc++";
				CLANG_ENABLE_MODULES = YES;
				CLANG_ENABLE_OBJC_ARC = YES;
				CLANG_WARN_BLOCK_CAPTURE_AUTORELEASING = YES;
				CLANG_WARN_BOOL_CONVERSION = YES;
				CLANG_WARN_COMMA = YES;
				CLANG_WARN_CONSTANT_CONVERSION = YES;
				CLANG_WARN_DIRECT_OBJC_ISA_USAGE = YES_ERROR;
				CLANG_WARN_DOCUMENTATION_COMMENTS = YES;
				CLANG_WARN_EMPTY_BODY = YES;
				CLANG_WARN_ENUM_CONVERSION = YES;
				CLANG_WARN_INFINITE_RECURSION = YES;
				CLANG_WARN_INT_CONVERSION = YES;
				CLANG_WARN_NON_LITERAL_NULL_CONVERSION = YES;
				CLANG_WARN_OBJC_LITERAL_CONVERSION = YES;
				CLANG_WARN_OBJC_ROOT_CLASS = YES_ERROR;
				CLANG_WARN_RANGE_LOOP_ANALYSIS = YES;
				CLANG_WARN_STRICT_PROTOTYPES = YES;
				CLANG_WARN_SUSPICIOUS_MOVE = YES;
				CLANG_WARN_UNGUARDED_AVAILABILITY = YES_AGGRESSIVE;
				CLANG_WARN_UNREACHABLE_CODE = YES;
				CLANG_WARN__DUPLICATE_METHOD_MATCH = YES;
				CODE_SIGN_IDENTITY = "iPhone Developer";
				COPY_PHASE_STRIP = NO;
				DEBUG_INFORMATION_FORMAT = dwarf;
				ENABLE_STRICT_OBJC_MSGSEND = YES;
				ENABLE_TESTABILITY = YES;
				GCC_C_LANGUAGE_STANDARD = gnu11;
				GCC_DYNAMIC_NO_PIC = NO;
				GCC_NO_COMMON_BLOCKS = YES;
				GCC_OPTIMIZATION_LEVEL = 0;
				GCC_PREPROCESSOR_DEFINITIONS = (
					"DEBUG=1",
					"$(inherited)",
				);
				GCC_WARN_64_TO_32_BIT_CONVERSION = YES;
				GCC_WARN_ABOUT_RETURN_TYPE = YES_ERROR;
				GCC_WARN_UNDECLARED_SELECTOR = YES;
				GCC_WARN_UNINITIALIZED_AUTOS = YES_AGGRESSIVE;
				GCC_WARN_UNUSED_FUNCTION = YES;
				GCC_WARN_UNUSED_VARIABLE = YES;
				IPHONEOS_DEPLOYMENT_TARGET = 11.2;
				MTL_ENABLE_DEBUG_INFO = YES;
				ONLY_ACTIVE_ARCH = YES;
				SDKROOT = iphoneos;
				SWIFT_ACTIVE_COMPILATION_CONDITIONS = DEBUG;
				SWIFT_OPTIMIZATION_LEVEL = "-Onone";
			};
			name = Debug;
		};
		30F96F8920651CAA00BD5278 /* Release */ = {
			isa = XCBuildConfiguration;
			buildSettings = {
				ALWAYS_SEARCH_USER_PATHS = NO;
				CLANG_ANALYZER_NONNULL = YES;
				CLANG_ANALYZER_NUMBER_OBJECT_CONVERSION = YES_AGGRESSIVE;
				CLANG_CXX_LANGUAGE_STANDARD = "gnu++14";
				CLANG_CXX_LIBRARY = "libc++";
				CLANG_ENABLE_MODULES = YES;
				CLANG_ENABLE_OBJC_ARC = YES;
				CLANG_WARN_BLOCK_CAPTURE_AUTORELEASING = YES;
				CLANG_WARN_BOOL_CONVERSION = YES;
				CLANG_WARN_COMMA = YES;
				CLANG_WARN_CONSTANT_CONVERSION = YES;
				CLANG_WARN_DIRECT_OBJC_ISA_USAGE = YES_ERROR;
				CLANG_WARN_DOCUMENTATION_COMMENTS = YES;
				CLANG_WARN_EMPTY_BODY = YES;
				CLANG_WARN_ENUM_CONVERSION = YES;
				CLANG_WARN_INFINITE_RECURSION = YES;
				CLANG_WARN_INT_CONVERSION = YES;
				CLANG_WARN_NON_LITERAL_NULL_CONVERSION = YES;
				CLANG_WARN_OBJC_LITERAL_CONVERSION = YES;
				CLANG_WARN_OBJC_ROOT_CLASS = YES_ERROR;
				CLANG_WARN_RANGE_LOOP_ANALYSIS = YES;
				CLANG_WARN_STRICT_PROTOTYPES = YES;
				CLANG_WARN_SUSPICIOUS_MOVE = YES;
				CLANG_WARN_UNGUARDED_AVAILABILITY = YES_AGGRESSIVE;
				CLANG_WARN_UNREACHABLE_CODE = YES;
				CLANG_WARN__DUPLICATE_METHOD_MATCH = YES;
				CODE_SIGN_IDENTITY = "iPhone Developer";
				COPY_PHASE_STRIP = NO;
				DEBUG_INFORMATION_FORMAT = "dwarf-with-dsym";
				ENABLE_NS_ASSERTIONS = NO;
				ENABLE_STRICT_OBJC_MSGSEND = YES;
				GCC_C_LANGUAGE_STANDARD = gnu11;
				GCC_NO_COMMON_BLOCKS = YES;
				GCC_WARN_64_TO_32_BIT_CONVERSION = YES;
				GCC_WARN_ABOUT_RETURN_TYPE = YES_ERROR;
				GCC_WARN_UNDECLARED_SELECTOR = YES;
				GCC_WARN_UNINITIALIZED_AUTOS = YES_AGGRESSIVE;
				GCC_WARN_UNUSED_FUNCTION = YES;
				GCC_WARN_UNUSED_VARIABLE = YES;
				IPHONEOS_DEPLOYMENT_TARGET = 11.2;
				MTL_ENABLE_DEBUG_INFO = NO;
				SDKROOT = iphoneos;
				SWIFT_OPTIMIZATION_LEVEL = "-Owholemodule";
				VALIDATE_PRODUCT = YES;
			};
			name = Release;
		};
		30F96F8B20651CAA00BD5278 /* Debug */ = {
			isa = XCBuildConfiguration;
			buildSettings = {
				ASSETCATALOG_COMPILER_APPICON_NAME = AppIcon;
				CODE_SIGN_STYLE = Automatic;
				INFOPLIST_FILE = AnimationDemo/Info.plist;
				LD_RUNPATH_SEARCH_PATHS = "$(inherited) @executable_path/Frameworks";
				PRODUCT_BUNDLE_IDENTIFIER = Dean.AnimationDemo;
				PRODUCT_NAME = "$(TARGET_NAME)";
				SWIFT_VERSION = 4.0;
				TARGETED_DEVICE_FAMILY = "1,2";
			};
			name = Debug;
		};
		30F96F8C20651CAA00BD5278 /* Release */ = {
			isa = XCBuildConfiguration;
			buildSettings = {
				ASSETCATALOG_COMPILER_APPICON_NAME = AppIcon;
				CODE_SIGN_STYLE = Automatic;
				INFOPLIST_FILE = AnimationDemo/Info.plist;
				LD_RUNPATH_SEARCH_PATHS = "$(inherited) @executable_path/Frameworks";
				PRODUCT_BUNDLE_IDENTIFIER = Dean.AnimationDemo;
				PRODUCT_NAME = "$(TARGET_NAME)";
				SWIFT_VERSION = 4.0;
				TARGETED_DEVICE_FAMILY = "1,2";
			};
			name = Release;
		};
		30F96F8E20651CAA00BD5278 /* Debug */ = {
			isa = XCBuildConfiguration;
			buildSettings = {
				ALWAYS_EMBED_SWIFT_STANDARD_LIBRARIES = YES;
				BUNDLE_LOADER = "$(TEST_HOST)";
				CODE_SIGN_STYLE = Automatic;
				INFOPLIST_FILE = AnimationDemoTests/Info.plist;
				LD_RUNPATH_SEARCH_PATHS = "$(inherited) @executable_path/Frameworks @loader_path/Frameworks";
				PRODUCT_BUNDLE_IDENTIFIER = Dean.AnimationDemoTests;
				PRODUCT_NAME = "$(TARGET_NAME)";
				SWIFT_VERSION = 4.0;
				TARGETED_DEVICE_FAMILY = "1,2";
				TEST_HOST = "$(BUILT_PRODUCTS_DIR)/AnimationDemo.app/AnimationDemo";
			};
			name = Debug;
		};
		30F96F8F20651CAA00BD5278 /* Release */ = {
			isa = XCBuildConfiguration;
			buildSettings = {
				ALWAYS_EMBED_SWIFT_STANDARD_LIBRARIES = YES;
				BUNDLE_LOADER = "$(TEST_HOST)";
				CODE_SIGN_STYLE = Automatic;
				INFOPLIST_FILE = AnimationDemoTests/Info.plist;
				LD_RUNPATH_SEARCH_PATHS = "$(inherited) @executable_path/Frameworks @loader_path/Frameworks";
				PRODUCT_BUNDLE_IDENTIFIER = Dean.AnimationDemoTests;
				PRODUCT_NAME = "$(TARGET_NAME)";
				SWIFT_VERSION = 4.0;
				TARGETED_DEVICE_FAMILY = "1,2";
				TEST_HOST = "$(BUILT_PRODUCTS_DIR)/AnimationDemo.app/AnimationDemo";
			};
			name = Release;
		};
		30F96F9120651CAA00BD5278 /* Debug */ = {
			isa = XCBuildConfiguration;
			buildSettings = {
				ALWAYS_EMBED_SWIFT_STANDARD_LIBRARIES = YES;
				CODE_SIGN_STYLE = Automatic;
				INFOPLIST_FILE = AnimationDemoUITests/Info.plist;
				LD_RUNPATH_SEARCH_PATHS = "$(inherited) @executable_path/Frameworks @loader_path/Frameworks";
				PRODUCT_BUNDLE_IDENTIFIER = Dean.AnimationDemoUITests;
				PRODUCT_NAME = "$(TARGET_NAME)";
				SWIFT_VERSION = 4.0;
				TARGETED_DEVICE_FAMILY = "1,2";
				TEST_TARGET_NAME = AnimationDemo;
			};
			name = Debug;
		};
		30F96F9220651CAA00BD5278 /* Release */ = {
			isa = XCBuildConfiguration;
			buildSettings = {
				ALWAYS_EMBED_SWIFT_STANDARD_LIBRARIES = YES;
				CODE_SIGN_STYLE = Automatic;
				INFOPLIST_FILE = AnimationDemoUITests/Info.plist;
				LD_RUNPATH_SEARCH_PATHS = "$(inherited) @executable_path/Frameworks @loader_path/Frameworks";
				PRODUCT_BUNDLE_IDENTIFIER = Dean.AnimationDemoUITests;
				PRODUCT_NAME = "$(TARGET_NAME)";
				SWIFT_VERSION = 4.0;
				TARGETED_DEVICE_FAMILY = "1,2";
				TEST_TARGET_NAME = AnimationDemo;
			};
			name = Release;
		};
/* End XCBuildConfiguration section */

/* Begin XCConfigurationList section */
		30F96F5D20651CA900BD5278 /* Build configuration list for PBXProject "AnimationDemo" */ = {
			isa = XCConfigurationList;
			buildConfigurations = (
				30F96F8820651CAA00BD5278 /* Debug */,
				30F96F8920651CAA00BD5278 /* Release */,
			);
			defaultConfigurationIsVisible = 0;
			defaultConfigurationName = Release;
		};
		30F96F8A20651CAA00BD5278 /* Build configuration list for PBXNativeTarget "AnimationDemo" */ = {
			isa = XCConfigurationList;
			buildConfigurations = (
				30F96F8B20651CAA00BD5278 /* Debug */,
				30F96F8C20651CAA00BD5278 /* Release */,
			);
			defaultConfigurationIsVisible = 0;
			defaultConfigurationName = Release;
		};
		30F96F8D20651CAA00BD5278 /* Build configuration list for PBXNativeTarget "AnimationDemoTests" */ = {
			isa = XCConfigurationList;
			buildConfigurations = (
				30F96F8E20651CAA00BD5278 /* Debug */,
				30F96F8F20651CAA00BD5278 /* Release */,
			);
			defaultConfigurationIsVisible = 0;
			defaultConfigurationName = Release;
		};
		30F96F9020651CAA00BD5278 /* Build configuration list for PBXNativeTarget "AnimationDemoUITests" */ = {
			isa = XCConfigurationList;
			buildConfigurations = (
				30F96F9120651CAA00BD5278 /* Debug */,
				30F96F9220651CAA00BD5278 /* Release */,
			);
			defaultConfigurationIsVisible = 0;
			defaultConfigurationName = Release;
		};
/* End XCConfigurationList section */
	};
	rootObject = 30F96F5A20651CA900BD5278 /* Project object */;
}
